
Microsoft Visual Studio Solution File, Format Version 12.00
# Visual Studio Version 17
VisualStudioVersion = 17.11.35312.102
MinimumVisualStudioVersion = 10.0.40219.1
Project("{9A19103F-16F7-4668-BE54-9A1E7A4F7556}") = "FirstAssignment", "FirstAssignment\FirstAssignment.csproj", "{B574EC9B-7EB6-4743-B940-5733F83E42E9}"
EndProject
Project("{FAE04EC0-301F-11D3-BF4B-00C04F79EFBC}") = "SecondAssignment", "SecondAssignment\SecondAssignment.csproj", "{0FDA99F6-E757-4E2C-BBF2-2F046F8200CF}"
EndProject
Global
	GlobalSection(SolutionConfigurationPlatforms) = preSolution
		Debug|Any CPU = Debug|Any CPU
		Release|Any CPU = Release|Any CPU
	EndGlobalSection
	GlobalSection(ProjectConfigurationPlatforms) = postSolution
		{B574EC9B-7EB6-4743-B940-5733F83E42E9}.Debug|Any CPU.ActiveCfg = Debug|Any CPU
		{B574EC9B-7EB6-4743-B940-5733F83E42E9}.Debug|Any CPU.Build.0 = Debug|Any CPU
		{B574EC9B-7EB6-4743-B940-5733F83E42E9}.Release|Any CPU.ActiveCfg = Release|Any CPU
		{B574EC9B-7EB6-4743-B940-5733F83E42E9}.Release|Any CPU.Build.0 = Release|Any CPU
		{0FDA99F6-E757-4E2C-BBF2-2F046F8200CF}.Debug|Any CPU.ActiveCfg = Debug|Any CPU
		{0FDA99F6-E757-4E2C-BBF2-2F046F8200CF}.Debug|Any CPU.Build.0 = Debug|Any CPU
		{0FDA99F6-E757-4E2C-BBF2-2F046F8200CF}.Release|Any CPU.ActiveCfg = Release|Any CPU
		{0FDA99F6-E757-4E2C-BBF2-2F046F8200CF}.Release|Any CPU.Build.0 = Release|Any CPU
	EndGlobalSection
	GlobalSection(SolutionProperties) = preSolution
		HideSolutionNode = FALSE
	EndGlobalSection
	GlobalSection(ExtensibilityGlobals) = postSolution
		SolutionGuid = {5B703F3E-8702-4E45-AD61-4B867E560023}
	EndGlobalSection
EndGlobal
